
Microsoft Visual Studio Solution File, Format Version 12.00
# Visual Studio 15
VisualStudioVersion = 15.0.27004.2008
MinimumVisualStudioVersion = 10.0.40219.1
Project("{FAE04EC0-301F-11D3-BF4B-00C04F79EFBC}") = "API", "API\API.csproj", "{52C2E589-CB15-4041-AC11-FB0D2AE075C2}"
EndProject
Project("{FAE04EC0-301F-11D3-BF4B-00C04F79EFBC}") = "DTO", "DTO\DTO.csproj", "{327DFD1F-3E8D-41CA-B745-10145718ABE7}"
EndProject
Project("{FAE04EC0-301F-11D3-BF4B-00C04F79EFBC}") = "BL", "BL\BL.csproj", "{DCECCC18-711A-4314-A335-35D878D5E3CC}"
EndProject
Project("{FAE04EC0-301F-11D3-BF4B-00C04F79EFBC}") = "DAL", "DAL\DAL.csproj", "{0A032FFE-6F24-48B1-AC95-506D197AF8CA}"
EndProject
Global
	GlobalSection(SolutionConfigurationPlatforms) = preSolution
		Debug|Any CPU = Debug|Any CPU
		Release|Any CPU = Release|Any CPU
	EndGlobalSection
	GlobalSection(ProjectConfigurationPlatforms) = postSolution
		{52C2E589-CB15-4041-AC11-FB0D2AE075C2}.Debug|Any CPU.ActiveCfg = Debug|Any CPU
		{52C2E589-CB15-4041-AC11-FB0D2AE075C2}.Debug|Any CPU.Build.0 = Debug|Any CPU
		{52C2E589-CB15-4041-AC11-FB0D2AE075C2}.Release|Any CPU.ActiveCfg = Release|Any CPU
		{52C2E589-CB15-4041-AC11-FB0D2AE075C2}.Release|Any CPU.Build.0 = Release|Any CPU
		{327DFD1F-3E8D-41CA-B745-10145718ABE7}.Debug|Any CPU.ActiveCfg = Debug|Any CPU
		{327DFD1F-3E8D-41CA-B745-10145718ABE7}.Debug|Any CPU.Build.0 = Debug|Any CPU
		{327DFD1F-3E8D-41CA-B745-10145718ABE7}.Release|Any CPU.ActiveCfg = Release|Any CPU
		{327DFD1F-3E8D-41CA-B745-10145718ABE7}.Release|Any CPU.Build.0 = Release|Any CPU
		{DCECCC18-711A-4314-A335-35D878D5E3CC}.Debug|Any CPU.ActiveCfg = Debug|Any CPU
		{DCECCC18-711A-4314-A335-35D878D5E3CC}.Debug|Any CPU.Build.0 = Debug|Any CPU
		{DCECCC18-711A-4314-A335-35D878D5E3CC}.Release|Any CPU.ActiveCfg = Release|Any CPU
		{DCECCC18-711A-4314-A335-35D878D5E3CC}.Release|Any CPU.Build.0 = Release|Any CPU
		{0A032FFE-6F24-48B1-AC95-506D197AF8CA}.Debug|Any CPU.ActiveCfg = Debug|Any CPU
		{0A032FFE-6F24-48B1-AC95-506D197AF8CA}.Debug|Any CPU.Build.0 = Debug|Any CPU
		{0A032FFE-6F24-48B1-AC95-506D197AF8CA}.Release|Any CPU.ActiveCfg = Release|Any CPU
		{0A032FFE-6F24-48B1-AC95-506D197AF8CA}.Release|Any CPU.Build.0 = Release|Any CPU
	EndGlobalSection
	GlobalSection(SolutionProperties) = preSolution
		HideSolutionNode = FALSE
	EndGlobalSection
	GlobalSection(ExtensibilityGlobals) = postSolution
		SolutionGuid = {40FDB868-F640-4665-BCBE-B295FEAA3EA8}
	EndGlobalSection
EndGlobal
